// !$*UTF8*$!
{
	archiveVersion = 1;
	classes = {
	};
	objectVersion = 56;
	objects = {

/* Begin PBXBuildFile section */
		350AC7E92B2CF77700DA13EA /* RegistrationView.swift in Sources */ = {isa = PBXBuildFile; fileRef = 350AC7E82B2CF77700DA13EA /* RegistrationView.swift */; };
		350AC7EC2B2CF9BB00DA13EA /* ButtonView.swift in Sources */ = {isa = PBXBuildFile; fileRef = 350AC7EB2B2CF9BB00DA13EA /* ButtonView.swift */; };
		351A6C862B2BBF2A00A8B4F0 /* LoginView.swift in Sources */ = {isa = PBXBuildFile; fileRef = 351A6C852B2BBF2A00A8B4F0 /* LoginView.swift */; };
		351A6C882B2BC08500A8B4F0 /* InputView.swift in Sources */ = {isa = PBXBuildFile; fileRef = 351A6C872B2BC08500A8B4F0 /* InputView.swift */; };
		351DAB912B3272BA00EB7624 /* ForgotPasswordView.swift in Sources */ = {isa = PBXBuildFile; fileRef = 351DAB902B3272BA00EB7624 /* ForgotPasswordView.swift */; };
		354B56F32B4AC5D9008AD48C /* ArticleViewModel.swift in Sources */ = {isa = PBXBuildFile; fileRef = 354B56F22B4AC5D9008AD48C /* ArticleViewModel.swift */; };
		357B8AC52B2F85E400A3612F /* FirebaseAuth in Frameworks */ = {isa = PBXBuildFile; productRef = 357B8AC42B2F85E400A3612F /* FirebaseAuth */; };
		357B8AC72B2F85E400A3612F /* FirebaseFirestore in Frameworks */ = {isa = PBXBuildFile; productRef = 357B8AC62B2F85E400A3612F /* FirebaseFirestore */; };
		357B8AC92B2F85E400A3612F /* FirebaseFirestoreSwift in Frameworks */ = {isa = PBXBuildFile; productRef = 357B8AC82B2F85E400A3612F /* FirebaseFirestoreSwift */; };
		357B8ACB2B2F85E400A3612F /* FirebaseStorage in Frameworks */ = {isa = PBXBuildFile; productRef = 357B8ACA2B2F85E400A3612F /* FirebaseStorage */; };
		357B8AD02B2F865B00A3612F /* AuthViewModel.swift in Sources */ = {isa = PBXBuildFile; fileRef = 357B8ACF2B2F865B00A3612F /* AuthViewModel.swift */; };
		358159D22B2D22EF0023428C /* ProjetoP3App.swift in Sources */ = {isa = PBXBuildFile; fileRef = 3582AFFF2B2B665A00F4D489 /* ProjetoP3App.swift */; };
		358159D42B2D25D30023428C /* ProfileView.swift in Sources */ = {isa = PBXBuildFile; fileRef = 358159D32B2D25D30023428C /* ProfileView.swift */; };
		358159D62B2D27B00023428C /* SettingsRowView.swift in Sources */ = {isa = PBXBuildFile; fileRef = 358159D52B2D27B00023428C /* SettingsRowView.swift */; };
		358159D82B2D2C530023428C /* User.swift in Sources */ = {isa = PBXBuildFile; fileRef = 358159D72B2D2C530023428C /* User.swift */; };
		3582B0042B2B665A00F4D489 /* Assets.xcassets in Resources */ = {isa = PBXBuildFile; fileRef = 3582B0032B2B665A00F4D489 /* Assets.xcassets */; };
		3582B0072B2B665A00F4D489 /* Preview Assets.xcassets in Resources */ = {isa = PBXBuildFile; fileRef = 3582B0062B2B665A00F4D489 /* Preview Assets.xcassets */; };
		358810C72B49DCB3001A57DF /* UserManager.swift in Sources */ = {isa = PBXBuildFile; fileRef = 358810C52B49DCB3001A57DF /* UserManager.swift */; };
		358810C82B49DCB3001A57DF /* ArticleManager.swift in Sources */ = {isa = PBXBuildFile; fileRef = 358810C62B49DCB3001A57DF /* ArticleManager.swift */; };
		358810CA2B49DCD1001A57DF /* Article.swift in Sources */ = {isa = PBXBuildFile; fileRef = 358810C92B49DCD1001A57DF /* Article.swift */; };
		358810CC2B49DD2A001A57DF /* AdminDashboardView.swift in Sources */ = {isa = PBXBuildFile; fileRef = 358810CB2B49DD2A001A57DF /* AdminDashboardView.swift */; };
		358944D42B48AD0E009DAC2D /* StorageManager.swift in Sources */ = {isa = PBXBuildFile; fileRef = 358944D32B48AD0E009DAC2D /* StorageManager.swift */; };
		35D12F1E2B4AF92500361B02 /* ArticleView.swift in Sources */ = {isa = PBXBuildFile; fileRef = 35D12F1D2B4AF92500361B02 /* ArticleView.swift */; };
		35D12F212B4AFAB800361B02 /* ArticleComment.swift in Sources */ = {isa = PBXBuildFile; fileRef = 35D12F202B4AFAB800361B02 /* ArticleComment.swift */; };
		35D12F252B4AFF0C00361B02 /* Conference.swift in Sources */ = {isa = PBXBuildFile; fileRef = 35D12F242B4AFF0C00361B02 /* Conference.swift */; };
		35D12F282B4B001A00361B02 /* ConferenceManager.swift in Sources */ = {isa = PBXBuildFile; fileRef = 35D12F272B4B001A00361B02 /* ConferenceManager.swift */; };
		35D12F2B2B4B004000361B02 /* ConferenceViewModel.swift in Sources */ = {isa = PBXBuildFile; fileRef = 35D12F2A2B4B004000361B02 /* ConferenceViewModel.swift */; };
		35D12F2D2B4B005B00361B02 /* ConferenceView.swift in Sources */ = {isa = PBXBuildFile; fileRef = 35D12F2C2B4B005B00361B02 /* ConferenceView.swift */; };
		35D12F2F2B4B047300361B02 /* AddConferenceView.swift in Sources */ = {isa = PBXBuildFile; fileRef = 35D12F2E2B4B047300361B02 /* AddConferenceView.swift */; };
		35D12F312B4B239F00361B02 /* Track.swift in Sources */ = {isa = PBXBuildFile; fileRef = 35D12F302B4B239F00361B02 /* Track.swift */; };
		35D12F3B2B4B2F0A00361B02 /* TrackManager.swift in Sources */ = {isa = PBXBuildFile; fileRef = 35D12F3A2B4B2F0A00361B02 /* TrackManager.swift */; };
		35D12F3F2B4B2F2C00361B02 /* TrackViewModel.swift in Sources */ = {isa = PBXBuildFile; fileRef = 35D12F3E2B4B2F2C00361B02 /* TrackViewModel.swift */; };
		35D12F412B4B38EA00361B02 /* ConferenceContainerView.swift in Sources */ = {isa = PBXBuildFile; fileRef = 35D12F402B4B38EA00361B02 /* ConferenceContainerView.swift */; };
		35EF62C32B45698000DF0E5F /* MainTabView.swift in Sources */ = {isa = PBXBuildFile; fileRef = 35EF62C22B45698000DF0E5F /* MainTabView.swift */; };
		35EF62C52B456B0F00DF0E5F /* Home.swift in Sources */ = {isa = PBXBuildFile; fileRef = 35EF62C42B456B0F00DF0E5F /* Home.swift */; };
		35F771112B4F36F500C7A701 /* NavigationButton.swift in Sources */ = {isa = PBXBuildFile; fileRef = 35F771102B4F36F500C7A701 /* NavigationButton.swift */; };
		35F7DC4C2B4D76F5003F7BAF /* ArticleSearchView.swift in Sources */ = {isa = PBXBuildFile; fileRef = 35F7DC4B2B4D76F5003F7BAF /* ArticleSearchView.swift */; };
		35F7DC502B4D7B6D003F7BAF /* AddTrackView.swift in Sources */ = {isa = PBXBuildFile; fileRef = 35F7DC4F2B4D7B6D003F7BAF /* AddTrackView.swift */; };
		35F7DC522B4D8C27003F7BAF /* ArticleContainerView.swift in Sources */ = {isa = PBXBuildFile; fileRef = 35F7DC512B4D8C27003F7BAF /* ArticleContainerView.swift */; };
		5780FD632B4C236F00D066B7 /* ScheduleManager.swift in Sources */ = {isa = PBXBuildFile; fileRef = 5780FD622B4C236F00D066B7 /* ScheduleManager.swift */; };
		5780FD652B4C238100D066B7 /* Schedule.swift in Sources */ = {isa = PBXBuildFile; fileRef = 5780FD642B4C238100D066B7 /* Schedule.swift */; };
		5780FD682B4C24B900D066B7 /* ScheduleView.swift in Sources */ = {isa = PBXBuildFile; fileRef = 5780FD672B4C24B900D066B7 /* ScheduleView.swift */; };
		5780FD6A2B4C24C700D066B7 /* ScheduleViewModel.swift in Sources */ = {isa = PBXBuildFile; fileRef = 5780FD692B4C24C700D066B7 /* ScheduleViewModel.swift */; };
		882986CB2B5098DB00F63B38 /* DropdownView.swift in Sources */ = {isa = PBXBuildFile; fileRef = 882986CA2B5098DB00F63B38 /* DropdownView.swift */; };
		882986CF2B50CA1300F63B38 /* ContentView.swift in Sources */ = {isa = PBXBuildFile; fileRef = 882986CE2B50CA1300F63B38 /* ContentView.swift */; };
		882986D12B50CA4200F63B38 /* AddArticleView.swift in Sources */ = {isa = PBXBuildFile; fileRef = 882986D02B50CA4200F63B38 /* AddArticleView.swift */; };
		882986D32B50CB9000F63B38 /* ConferenceDaysView.swift in Sources */ = {isa = PBXBuildFile; fileRef = 882986D22B50CB9000F63B38 /* ConferenceDaysView.swift */; };
		8837BEC02B4C9E41008871D8 /* GoogleService-Info.plist in Resources */ = {isa = PBXBuildFile; fileRef = 8837BEBF2B4C9E41008871D8 /* GoogleService-Info.plist */; };
/* End PBXBuildFile section */

/* Begin PBXFileReference section */
		350AC7E82B2CF77700DA13EA /* RegistrationView.swift */ = {isa = PBXFileReference; lastKnownFileType = sourcecode.swift; path = RegistrationView.swift; sourceTree = "<group>"; };
		350AC7EB2B2CF9BB00DA13EA /* ButtonView.swift */ = {isa = PBXFileReference; lastKnownFileType = sourcecode.swift; path = ButtonView.swift; sourceTree = "<group>"; };
		351A6C852B2BBF2A00A8B4F0 /* LoginView.swift */ = {isa = PBXFileReference; lastKnownFileType = sourcecode.swift; path = LoginView.swift; sourceTree = "<group>"; };
		351A6C872B2BC08500A8B4F0 /* InputView.swift */ = {isa = PBXFileReference; lastKnownFileType = sourcecode.swift; path = InputView.swift; sourceTree = "<group>"; };
		351DAB902B3272BA00EB7624 /* ForgotPasswordView.swift */ = {isa = PBXFileReference; lastKnownFileType = sourcecode.swift; path = ForgotPasswordView.swift; sourceTree = "<group>"; };
		354B56F22B4AC5D9008AD48C /* ArticleViewModel.swift */ = {isa = PBXFileReference; lastKnownFileType = sourcecode.swift; path = ArticleViewModel.swift; sourceTree = "<group>"; };
		357B8ACF2B2F865B00A3612F /* AuthViewModel.swift */ = {isa = PBXFileReference; lastKnownFileType = sourcecode.swift; path = AuthViewModel.swift; sourceTree = "<group>"; };
		358159D32B2D25D30023428C /* ProfileView.swift */ = {isa = PBXFileReference; lastKnownFileType = sourcecode.swift; path = ProfileView.swift; sourceTree = "<group>"; };
		358159D52B2D27B00023428C /* SettingsRowView.swift */ = {isa = PBXFileReference; lastKnownFileType = sourcecode.swift; path = SettingsRowView.swift; sourceTree = "<group>"; };
		358159D72B2D2C530023428C /* User.swift */ = {isa = PBXFileReference; lastKnownFileType = sourcecode.swift; path = User.swift; sourceTree = "<group>"; };
		3582AFFC2B2B665A00F4D489 /* ProjetoP3.app */ = {isa = PBXFileReference; explicitFileType = wrapper.application; includeInIndex = 0; path = ProjetoP3.app; sourceTree = BUILT_PRODUCTS_DIR; };
		3582AFFF2B2B665A00F4D489 /* ProjetoP3App.swift */ = {isa = PBXFileReference; lastKnownFileType = sourcecode.swift; path = ProjetoP3App.swift; sourceTree = "<group>"; };
		3582B0032B2B665A00F4D489 /* Assets.xcassets */ = {isa = PBXFileReference; lastKnownFileType = folder.assetcatalog; path = Assets.xcassets; sourceTree = "<group>"; };
		3582B0062B2B665A00F4D489 /* Preview Assets.xcassets */ = {isa = PBXFileReference; lastKnownFileType = folder.assetcatalog; path = "Preview Assets.xcassets"; sourceTree = "<group>"; };
		358810C52B49DCB3001A57DF /* UserManager.swift */ = {isa = PBXFileReference; fileEncoding = 4; lastKnownFileType = sourcecode.swift; path = UserManager.swift; sourceTree = "<group>"; };
		358810C62B49DCB3001A57DF /* ArticleManager.swift */ = {isa = PBXFileReference; fileEncoding = 4; lastKnownFileType = sourcecode.swift; path = ArticleManager.swift; sourceTree = "<group>"; };
		358810C92B49DCD1001A57DF /* Article.swift */ = {isa = PBXFileReference; fileEncoding = 4; lastKnownFileType = sourcecode.swift; path = Article.swift; sourceTree = "<group>"; };
		358810CB2B49DD2A001A57DF /* AdminDashboardView.swift */ = {isa = PBXFileReference; fileEncoding = 4; lastKnownFileType = sourcecode.swift; path = AdminDashboardView.swift; sourceTree = "<group>"; };
		358944D32B48AD0E009DAC2D /* StorageManager.swift */ = {isa = PBXFileReference; lastKnownFileType = sourcecode.swift; path = StorageManager.swift; sourceTree = "<group>"; };
		35D12F1D2B4AF92500361B02 /* ArticleView.swift */ = {isa = PBXFileReference; lastKnownFileType = sourcecode.swift; path = ArticleView.swift; sourceTree = "<group>"; };
		35D12F202B4AFAB800361B02 /* ArticleComment.swift */ = {isa = PBXFileReference; lastKnownFileType = sourcecode.swift; path = ArticleComment.swift; sourceTree = "<group>"; };
		35D12F242B4AFF0C00361B02 /* Conference.swift */ = {isa = PBXFileReference; lastKnownFileType = sourcecode.swift; path = Conference.swift; sourceTree = "<group>"; };
		35D12F272B4B001A00361B02 /* ConferenceManager.swift */ = {isa = PBXFileReference; lastKnownFileType = sourcecode.swift; path = ConferenceManager.swift; sourceTree = "<group>"; };
		35D12F2A2B4B004000361B02 /* ConferenceViewModel.swift */ = {isa = PBXFileReference; lastKnownFileType = sourcecode.swift; path = ConferenceViewModel.swift; sourceTree = "<group>"; };
		35D12F2C2B4B005B00361B02 /* ConferenceView.swift */ = {isa = PBXFileReference; lastKnownFileType = sourcecode.swift; path = ConferenceView.swift; sourceTree = "<group>"; };
		35D12F2E2B4B047300361B02 /* AddConferenceView.swift */ = {isa = PBXFileReference; lastKnownFileType = sourcecode.swift; path = AddConferenceView.swift; sourceTree = "<group>"; };
		35D12F302B4B239F00361B02 /* Track.swift */ = {isa = PBXFileReference; lastKnownFileType = sourcecode.swift; path = Track.swift; sourceTree = "<group>"; };
		35D12F3A2B4B2F0A00361B02 /* TrackManager.swift */ = {isa = PBXFileReference; lastKnownFileType = sourcecode.swift; path = TrackManager.swift; sourceTree = "<group>"; };
		35D12F3E2B4B2F2C00361B02 /* TrackViewModel.swift */ = {isa = PBXFileReference; lastKnownFileType = sourcecode.swift; path = TrackViewModel.swift; sourceTree = "<group>"; };
		35D12F402B4B38EA00361B02 /* ConferenceContainerView.swift */ = {isa = PBXFileReference; lastKnownFileType = sourcecode.swift; path = ConferenceContainerView.swift; sourceTree = "<group>"; };
		35EF62C22B45698000DF0E5F /* MainTabView.swift */ = {isa = PBXFileReference; lastKnownFileType = sourcecode.swift; path = MainTabView.swift; sourceTree = "<group>"; };
		35EF62C42B456B0F00DF0E5F /* Home.swift */ = {isa = PBXFileReference; lastKnownFileType = sourcecode.swift; path = Home.swift; sourceTree = "<group>"; };
		35F771102B4F36F500C7A701 /* NavigationButton.swift */ = {isa = PBXFileReference; lastKnownFileType = sourcecode.swift; path = NavigationButton.swift; sourceTree = "<group>"; };
		35F7DC4B2B4D76F5003F7BAF /* ArticleSearchView.swift */ = {isa = PBXFileReference; lastKnownFileType = sourcecode.swift; path = ArticleSearchView.swift; sourceTree = "<group>"; };
		35F7DC4F2B4D7B6D003F7BAF /* AddTrackView.swift */ = {isa = PBXFileReference; lastKnownFileType = sourcecode.swift; path = AddTrackView.swift; sourceTree = "<group>"; };
		35F7DC512B4D8C27003F7BAF /* ArticleContainerView.swift */ = {isa = PBXFileReference; lastKnownFileType = sourcecode.swift; path = ArticleContainerView.swift; sourceTree = "<group>"; };
		5780FD622B4C236F00D066B7 /* ScheduleManager.swift */ = {isa = PBXFileReference; lastKnownFileType = sourcecode.swift; path = ScheduleManager.swift; sourceTree = "<group>"; };
		5780FD642B4C238100D066B7 /* Schedule.swift */ = {isa = PBXFileReference; lastKnownFileType = sourcecode.swift; path = Schedule.swift; sourceTree = "<group>"; };
		5780FD672B4C24B900D066B7 /* ScheduleView.swift */ = {isa = PBXFileReference; lastKnownFileType = sourcecode.swift; path = ScheduleView.swift; sourceTree = "<group>"; };
		5780FD692B4C24C700D066B7 /* ScheduleViewModel.swift */ = {isa = PBXFileReference; lastKnownFileType = sourcecode.swift; path = ScheduleViewModel.swift; sourceTree = "<group>"; };
		882986CA2B5098DB00F63B38 /* DropdownView.swift */ = {isa = PBXFileReference; lastKnownFileType = sourcecode.swift; path = DropdownView.swift; sourceTree = "<group>"; };
		882986CE2B50CA1300F63B38 /* ContentView.swift */ = {isa = PBXFileReference; fileEncoding = 4; lastKnownFileType = sourcecode.swift; path = ContentView.swift; sourceTree = "<group>"; };
		882986D02B50CA4200F63B38 /* AddArticleView.swift */ = {isa = PBXFileReference; lastKnownFileType = sourcecode.swift; path = AddArticleView.swift; sourceTree = "<group>"; };
		882986D22B50CB9000F63B38 /* ConferenceDaysView.swift */ = {isa = PBXFileReference; lastKnownFileType = sourcecode.swift; path = ConferenceDaysView.swift; sourceTree = "<group>"; };
		8837BEBF2B4C9E41008871D8 /* GoogleService-Info.plist */ = {isa = PBXFileReference; fileEncoding = 4; lastKnownFileType = text.plist.xml; name = "GoogleService-Info.plist"; path = "../../../../Downloads/GoogleService-Info.plist"; sourceTree = "<group>"; };
/* End PBXFileReference section */

/* Begin PBXFrameworksBuildPhase section */
		3582AFF92B2B665900F4D489 /* Frameworks */ = {
			isa = PBXFrameworksBuildPhase;
			buildActionMask = 2147483647;
			files = (
				357B8AC52B2F85E400A3612F /* FirebaseAuth in Frameworks */,
				357B8ACB2B2F85E400A3612F /* FirebaseStorage in Frameworks */,
				357B8AC72B2F85E400A3612F /* FirebaseFirestore in Frameworks */,
				357B8AC92B2F85E400A3612F /* FirebaseFirestoreSwift in Frameworks */,
			);
			runOnlyForDeploymentPostprocessing = 0;
		};
/* End PBXFrameworksBuildPhase section */

/* Begin PBXGroup section */
		351A6C7D2B2BBDDD00A8B4F0 /* App */ = {
			isa = PBXGroup;
			children = (
				3582AFFF2B2B665A00F4D489 /* ProjetoP3App.swift */,
			);
			path = App;
			sourceTree = "<group>";
		};
		351A6C7F2B2BBE9100A8B4F0 /* Components */ = {
			isa = PBXGroup;
			children = (
				351A6C872B2BC08500A8B4F0 /* InputView.swift */,
				350AC7EB2B2CF9BB00DA13EA /* ButtonView.swift */,
				358159D52B2D27B00023428C /* SettingsRowView.swift */,
				35D12F402B4B38EA00361B02 /* ConferenceContainerView.swift */,
				35F7DC512B4D8C27003F7BAF /* ArticleContainerView.swift */,
				35F771102B4F36F500C7A701 /* NavigationButton.swift */,
				882986CA2B5098DB00F63B38 /* DropdownView.swift */,
				882986D22B50CB9000F63B38 /* ConferenceDaysView.swift */,
			);
			path = Components;
			sourceTree = "<group>";
		};
		351A6C802B2BBEA200A8B4F0 /* Core */ = {
			isa = PBXGroup;
			children = (
				5780FD662B4C249F00D066B7 /* Schedule */,
				35D12F392B4B242B00361B02 /* Tracks */,
				35D12F262B4AFFFE00361B02 /* Conferences */,
				35D12F1C2B4AF90500361B02 /* Articles */,
				358810C42B49DCB3001A57DF /* Managers */,
				358944D22B48ACFC009DAC2D /* Storage */,
				35EF62C12B45694D00DF0E5F /* TabBar */,
				351A6C832B2BBEDD00A8B4F0 /* Authentication */,
				351A6C842B2BBEFB00A8B4F0 /* Profile */,
				351A6C822B2BBEC500A8B4F0 /* Root */,
			);
			path = Core;
			sourceTree = "<group>";
		};
		351A6C812B2BBEAA00A8B4F0 /* Model */ = {
			isa = PBXGroup;
			children = (
				358810C92B49DCD1001A57DF /* Article.swift */,
				358159D72B2D2C530023428C /* User.swift */,
				35D12F202B4AFAB800361B02 /* ArticleComment.swift */,
				35D12F242B4AFF0C00361B02 /* Conference.swift */,
				35D12F302B4B239F00361B02 /* Track.swift */,
				5780FD642B4C238100D066B7 /* Schedule.swift */,
			);
			path = Model;
			sourceTree = "<group>";
		};
		351A6C822B2BBEC500A8B4F0 /* Root */ = {
			isa = PBXGroup;
			children = (
				882986CE2B50CA1300F63B38 /* ContentView.swift */,
				35EF62C42B456B0F00DF0E5F /* Home.swift */,
			);
			path = Root;
			sourceTree = "<group>";
		};
		351A6C832B2BBEDD00A8B4F0 /* Authentication */ = {
			isa = PBXGroup;
			children = (
				357B8ACD2B2F862700A3612F /* ViewModel */,
				357B8ACC2B2F862000A3612F /* View */,
			);
			path = Authentication;
			sourceTree = "<group>";
		};
		351A6C842B2BBEFB00A8B4F0 /* Profile */ = {
			isa = PBXGroup;
			children = (
				358159D32B2D25D30023428C /* ProfileView.swift */,
			);
			path = Profile;
			sourceTree = "<group>";
		};
		357B8ACC2B2F862000A3612F /* View */ = {
			isa = PBXGroup;
			children = (
				358810CB2B49DD2A001A57DF /* AdminDashboardView.swift */,
				351A6C852B2BBF2A00A8B4F0 /* LoginView.swift */,
				350AC7E82B2CF77700DA13EA /* RegistrationView.swift */,
				351DAB902B3272BA00EB7624 /* ForgotPasswordView.swift */,
			);
			path = View;
			sourceTree = "<group>";
		};
		357B8ACD2B2F862700A3612F /* ViewModel */ = {
			isa = PBXGroup;
			children = (
				357B8ACF2B2F865B00A3612F /* AuthViewModel.swift */,
			);
			path = ViewModel;
			sourceTree = "<group>";
		};
		3582AFF32B2B665900F4D489 = {
			isa = PBXGroup;
			children = (
				3582AFFE2B2B665A00F4D489 /* ProjetoP3 */,
				3582AFFD2B2B665A00F4D489 /* Products */,
			);
			sourceTree = "<group>";
		};
		3582AFFD2B2B665A00F4D489 /* Products */ = {
			isa = PBXGroup;
			children = (
				3582AFFC2B2B665A00F4D489 /* ProjetoP3.app */,
			);
			name = Products;
			sourceTree = "<group>";
		};
		3582AFFE2B2B665A00F4D489 /* ProjetoP3 */ = {
			isa = PBXGroup;
			children = (
				351A6C7D2B2BBDDD00A8B4F0 /* App */,
				351A6C7F2B2BBE9100A8B4F0 /* Components */,
				351A6C802B2BBEA200A8B4F0 /* Core */,
				351A6C812B2BBEAA00A8B4F0 /* Model */,
				3582B0032B2B665A00F4D489 /* Assets.xcassets */,
				8837BEBF2B4C9E41008871D8 /* GoogleService-Info.plist */,
				3582B0052B2B665A00F4D489 /* Preview Content */,
			);
			path = ProjetoP3;
			sourceTree = "<group>";
		};
		3582B0052B2B665A00F4D489 /* Preview Content */ = {
			isa = PBXGroup;
			children = (
				3582B0062B2B665A00F4D489 /* Preview Assets.xcassets */,
			);
			path = "Preview Content";
			sourceTree = "<group>";
		};
		358810C42B49DCB3001A57DF /* Managers */ = {
			isa = PBXGroup;
			children = (
				358810C52B49DCB3001A57DF /* UserManager.swift */,
				358810C62B49DCB3001A57DF /* ArticleManager.swift */,
				35D12F272B4B001A00361B02 /* ConferenceManager.swift */,
				35D12F3A2B4B2F0A00361B02 /* TrackManager.swift */,
				5780FD622B4C236F00D066B7 /* ScheduleManager.swift */,
			);
			path = Managers;
			sourceTree = "<group>";
		};
		358944D22B48ACFC009DAC2D /* Storage */ = {
			isa = PBXGroup;
			children = (
				358944D32B48AD0E009DAC2D /* StorageManager.swift */,
			);
			path = Storage;
			sourceTree = "<group>";
		};
		35D12F1C2B4AF90500361B02 /* Articles */ = {
			isa = PBXGroup;
			children = (
				354B56F22B4AC5D9008AD48C /* ArticleViewModel.swift */,
				35D12F1D2B4AF92500361B02 /* ArticleView.swift */,
				35F7DC4B2B4D76F5003F7BAF /* ArticleSearchView.swift */,
				882986D02B50CA4200F63B38 /* AddArticleView.swift */,
			);
			path = Articles;
			sourceTree = "<group>";
		};
		35D12F262B4AFFFE00361B02 /* Conferences */ = {
			isa = PBXGroup;
			children = (
				35D12F2A2B4B004000361B02 /* ConferenceViewModel.swift */,
				35D12F2C2B4B005B00361B02 /* ConferenceView.swift */,
				35D12F2E2B4B047300361B02 /* AddConferenceView.swift */,
			);
			path = Conferences;
			sourceTree = "<group>";
		};
		35D12F392B4B242B00361B02 /* Tracks */ = {
			isa = PBXGroup;
			children = (
				35D12F3E2B4B2F2C00361B02 /* TrackViewModel.swift */,
				35F7DC4F2B4D7B6D003F7BAF /* AddTrackView.swift */,
			);
			path = Tracks;
			sourceTree = "<group>";
		};
		35EF62C12B45694D00DF0E5F /* TabBar */ = {
			isa = PBXGroup;
			children = (
				35EF62C22B45698000DF0E5F /* MainTabView.swift */,
			);
			path = TabBar;
			sourceTree = "<group>";
		};
		5780FD662B4C249F00D066B7 /* Schedule */ = {
			isa = PBXGroup;
			children = (
				5780FD672B4C24B900D066B7 /* ScheduleView.swift */,
				5780FD692B4C24C700D066B7 /* ScheduleViewModel.swift */,
			);
			path = Schedule;
			sourceTree = "<group>";
		};
/* End PBXGroup section */

/* Begin PBXNativeTarget section */
		3582AFFB2B2B665900F4D489 /* ProjetoP3 */ = {
			isa = PBXNativeTarget;
			buildConfigurationList = 3582B0202B2B665B00F4D489 /* Build configuration list for PBXNativeTarget "ProjetoP3" */;
			buildPhases = (
				3582AFF82B2B665900F4D489 /* Sources */,
				3582AFF92B2B665900F4D489 /* Frameworks */,
				3582AFFA2B2B665900F4D489 /* Resources */,
			);
			buildRules = (
			);
			dependencies = (
			);
			name = ProjetoP3;
			packageProductDependencies = (
				357B8AC42B2F85E400A3612F /* FirebaseAuth */,
				357B8AC62B2F85E400A3612F /* FirebaseFirestore */,
				357B8AC82B2F85E400A3612F /* FirebaseFirestoreSwift */,
				357B8ACA2B2F85E400A3612F /* FirebaseStorage */,
			);
			productName = ProjetoP3;
			productReference = 3582AFFC2B2B665A00F4D489 /* ProjetoP3.app */;
			productType = "com.apple.product-type.application";
		};
/* End PBXNativeTarget section */

/* Begin PBXProject section */
		3582AFF42B2B665900F4D489 /* Project object */ = {
			isa = PBXProject;
			attributes = {
				BuildIndependentTargetsInParallel = 1;
				LastSwiftUpdateCheck = 1430;
				LastUpgradeCheck = 1430;
				TargetAttributes = {
					3582AFFB2B2B665900F4D489 = {
						CreatedOnToolsVersion = 14.3.1;
					};
				};
			};
			buildConfigurationList = 3582AFF72B2B665900F4D489 /* Build configuration list for PBXProject "ProjetoP3" */;
			compatibilityVersion = "Xcode 14.0";
			developmentRegion = en;
			hasScannedForEncodings = 0;
			knownRegions = (
				en,
				Base,
			);
			mainGroup = 3582AFF32B2B665900F4D489;
			packageReferences = (
				357B8AC32B2F85E400A3612F /* XCRemoteSwiftPackageReference "firebase-ios-sdk" */,
			);
			productRefGroup = 3582AFFD2B2B665A00F4D489 /* Products */;
			projectDirPath = "";
			projectRoot = "";
			targets = (
				3582AFFB2B2B665900F4D489 /* ProjetoP3 */,
			);
		};
/* End PBXProject section */

/* Begin PBXResourcesBuildPhase section */
		3582AFFA2B2B665900F4D489 /* Resources */ = {
			isa = PBXResourcesBuildPhase;
			buildActionMask = 2147483647;
			files = (
				3582B0072B2B665A00F4D489 /* Preview Assets.xcassets in Resources */,
				8837BEC02B4C9E41008871D8 /* GoogleService-Info.plist in Resources */,
				3582B0042B2B665A00F4D489 /* Assets.xcassets in Resources */,
			);
			runOnlyForDeploymentPostprocessing = 0;
		};
/* End PBXResourcesBuildPhase section */

/* Begin PBXSourcesBuildPhase section */
		3582AFF82B2B665900F4D489 /* Sources */ = {
			isa = PBXSourcesBuildPhase;
			buildActionMask = 2147483647;
			files = (
				358810CC2B49DD2A001A57DF /* AdminDashboardView.swift in Sources */,
				35F771112B4F36F500C7A701 /* NavigationButton.swift in Sources */,
				357B8AD02B2F865B00A3612F /* AuthViewModel.swift in Sources */,
				5780FD652B4C238100D066B7 /* Schedule.swift in Sources */,
				35D12F252B4AFF0C00361B02 /* Conference.swift in Sources */,
				882986CB2B5098DB00F63B38 /* DropdownView.swift in Sources */,
				351DAB912B3272BA00EB7624 /* ForgotPasswordView.swift in Sources */,
				882986D12B50CA4200F63B38 /* AddArticleView.swift in Sources */,
				358810CA2B49DCD1001A57DF /* Article.swift in Sources */,
				351A6C862B2BBF2A00A8B4F0 /* LoginView.swift in Sources */,
				358944D42B48AD0E009DAC2D /* StorageManager.swift in Sources */,
				35D12F2B2B4B004000361B02 /* ConferenceViewModel.swift in Sources */,
				5780FD682B4C24B900D066B7 /* ScheduleView.swift in Sources */,
				35D12F2D2B4B005B00361B02 /* ConferenceView.swift in Sources */,
				351A6C882B2BC08500A8B4F0 /* InputView.swift in Sources */,
				358159D22B2D22EF0023428C /* ProjetoP3App.swift in Sources */,
				358810C72B49DCB3001A57DF /* UserManager.swift in Sources */,
				350AC7EC2B2CF9BB00DA13EA /* ButtonView.swift in Sources */,
				35D12F412B4B38EA00361B02 /* ConferenceContainerView.swift in Sources */,
				35F7DC4C2B4D76F5003F7BAF /* ArticleSearchView.swift in Sources */,
				35EF62C52B456B0F00DF0E5F /* Home.swift in Sources */,
				35D12F282B4B001A00361B02 /* ConferenceManager.swift in Sources */,
				358159D62B2D27B00023428C /* SettingsRowView.swift in Sources */,
				35D12F3F2B4B2F2C00361B02 /* TrackViewModel.swift in Sources */,
				358159D82B2D2C530023428C /* User.swift in Sources */,
				35F7DC502B4D7B6D003F7BAF /* AddTrackView.swift in Sources */,
				882986D32B50CB9000F63B38 /* ConferenceDaysView.swift in Sources */,
				35D12F3B2B4B2F0A00361B02 /* TrackManager.swift in Sources */,
				354B56F32B4AC5D9008AD48C /* ArticleViewModel.swift in Sources */,
				882986CF2B50CA1300F63B38 /* ContentView.swift in Sources */,
				35D12F212B4AFAB800361B02 /* ArticleComment.swift in Sources */,
				358810C82B49DCB3001A57DF /* ArticleManager.swift in Sources */,
				358159D42B2D25D30023428C /* ProfileView.swift in Sources */,
				35F7DC522B4D8C27003F7BAF /* ArticleContainerView.swift in Sources */,
				350AC7E92B2CF77700DA13EA /* RegistrationView.swift in Sources */,
				35D12F1E2B4AF92500361B02 /* ArticleView.swift in Sources */,
				5780FD6A2B4C24C700D066B7 /* ScheduleViewModel.swift in Sources */,
				5780FD632B4C236F00D066B7 /* ScheduleManager.swift in Sources */,
				35D12F2F2B4B047300361B02 /* AddConferenceView.swift in Sources */,
				35EF62C32B45698000DF0E5F /* MainTabView.swift in Sources */,
				35D12F312B4B239F00361B02 /* Track.swift in Sources */,
			);
			runOnlyForDeploymentPostprocessing = 0;
		};
/* End PBXSourcesBuildPhase section */

/* Begin XCBuildConfiguration section */
		3582B01E2B2B665B00F4D489 /* Debug */ = {
			isa = XCBuildConfiguration;
			buildSettings = {
				ALWAYS_SEARCH_USER_PATHS = NO;
				CLANG_ANALYZER_NONNULL = YES;
				CLANG_ANALYZER_NUMBER_OBJECT_CONVERSION = YES_AGGRESSIVE;
				CLANG_CXX_LANGUAGE_STANDARD = "gnu++20";
				CLANG_ENABLE_MODULES = YES;
				CLANG_ENABLE_OBJC_ARC = YES;
				CLANG_ENABLE_OBJC_WEAK = YES;
				CLANG_WARN_BLOCK_CAPTURE_AUTORELEASING = YES;
				CLANG_WARN_BOOL_CONVERSION = YES;
				CLANG_WARN_COMMA = YES;
				CLANG_WARN_CONSTANT_CONVERSION = YES;
				CLANG_WARN_DEPRECATED_OBJC_IMPLEMENTATIONS = YES;
				CLANG_WARN_DIRECT_OBJC_ISA_USAGE = YES_ERROR;
				CLANG_WARN_DOCUMENTATION_COMMENTS = YES;
				CLANG_WARN_EMPTY_BODY = YES;
				CLANG_WARN_ENUM_CONVERSION = YES;
				CLANG_WARN_INFINITE_RECURSION = YES;
				CLANG_WARN_INT_CONVERSION = YES;
				CLANG_WARN_NON_LITERAL_NULL_CONVERSION = YES;
				CLANG_WARN_OBJC_IMPLICIT_RETAIN_SELF = YES;
				CLANG_WARN_OBJC_LITERAL_CONVERSION = YES;
				CLANG_WARN_OBJC_ROOT_CLASS = YES_ERROR;
				CLANG_WARN_QUOTED_INCLUDE_IN_FRAMEWORK_HEADER = YES;
				CLANG_WARN_RANGE_LOOP_ANALYSIS = YES;
				CLANG_WARN_STRICT_PROTOTYPES = YES;
				CLANG_WARN_SUSPICIOUS_MOVE = YES;
				CLANG_WARN_UNGUARDED_AVAILABILITY = YES_AGGRESSIVE;
				CLANG_WARN_UNREACHABLE_CODE = YES;
				CLANG_WARN__DUPLICATE_METHOD_MATCH = YES;
				COPY_PHASE_STRIP = NO;
				DEBUG_INFORMATION_FORMAT = dwarf;
				ENABLE_STRICT_OBJC_MSGSEND = YES;
				ENABLE_TESTABILITY = YES;
				GCC_C_LANGUAGE_STANDARD = gnu11;
				GCC_DYNAMIC_NO_PIC = NO;
				GCC_NO_COMMON_BLOCKS = YES;
				GCC_OPTIMIZATION_LEVEL = 0;
				GCC_PREPROCESSOR_DEFINITIONS = (
					"DEBUG=1",
					"$(inherited)",
				);
				GCC_WARN_64_TO_32_BIT_CONVERSION = YES;
				GCC_WARN_ABOUT_RETURN_TYPE = YES_ERROR;
				GCC_WARN_UNDECLARED_SELECTOR = YES;
				GCC_WARN_UNINITIALIZED_AUTOS = YES_AGGRESSIVE;
				GCC_WARN_UNUSED_FUNCTION = YES;
				GCC_WARN_UNUSED_VARIABLE = YES;
				IPHONEOS_DEPLOYMENT_TARGET = 16.4;
				MTL_ENABLE_DEBUG_INFO = INCLUDE_SOURCE;
				MTL_FAST_MATH = YES;
				ONLY_ACTIVE_ARCH = YES;
				SDKROOT = iphoneos;
				SWIFT_ACTIVE_COMPILATION_CONDITIONS = DEBUG;
				SWIFT_OPTIMIZATION_LEVEL = "-Onone";
			};
			name = Debug;
		};
		3582B01F2B2B665B00F4D489 /* Release */ = {
			isa = XCBuildConfiguration;
			buildSettings = {
				ALWAYS_SEARCH_USER_PATHS = NO;
				CLANG_ANALYZER_NONNULL = YES;
				CLANG_ANALYZER_NUMBER_OBJECT_CONVERSION = YES_AGGRESSIVE;
				CLANG_CXX_LANGUAGE_STANDARD = "gnu++20";
				CLANG_ENABLE_MODULES = YES;
				CLANG_ENABLE_OBJC_ARC = YES;
				CLANG_ENABLE_OBJC_WEAK = YES;
				CLANG_WARN_BLOCK_CAPTURE_AUTORELEASING = YES;
				CLANG_WARN_BOOL_CONVERSION = YES;
				CLANG_WARN_COMMA = YES;
				CLANG_WARN_CONSTANT_CONVERSION = YES;
				CLANG_WARN_DEPRECATED_OBJC_IMPLEMENTATIONS = YES;
				CLANG_WARN_DIRECT_OBJC_ISA_USAGE = YES_ERROR;
				CLANG_WARN_DOCUMENTATION_COMMENTS = YES;
				CLANG_WARN_EMPTY_BODY = YES;
				CLANG_WARN_ENUM_CONVERSION = YES;
				CLANG_WARN_INFINITE_RECURSION = YES;
				CLANG_WARN_INT_CONVERSION = YES;
				CLANG_WARN_NON_LITERAL_NULL_CONVERSION = YES;
				CLANG_WARN_OBJC_IMPLICIT_RETAIN_SELF = YES;
				CLANG_WARN_OBJC_LITERAL_CONVERSION = YES;
				CLANG_WARN_OBJC_ROOT_CLASS = YES_ERROR;
				CLANG_WARN_QUOTED_INCLUDE_IN_FRAMEWORK_HEADER = YES;
				CLANG_WARN_RANGE_LOOP_ANALYSIS = YES;
				CLANG_WARN_STRICT_PROTOTYPES = YES;
				CLANG_WARN_SUSPICIOUS_MOVE = YES;
				CLANG_WARN_UNGUARDED_AVAILABILITY = YES_AGGRESSIVE;
				CLANG_WARN_UNREACHABLE_CODE = YES;
				CLANG_WARN__DUPLICATE_METHOD_MATCH = YES;
				COPY_PHASE_STRIP = NO;
				DEBUG_INFORMATION_FORMAT = "dwarf-with-dsym";
				ENABLE_NS_ASSERTIONS = NO;
				ENABLE_STRICT_OBJC_MSGSEND = YES;
				GCC_C_LANGUAGE_STANDARD = gnu11;
				GCC_NO_COMMON_BLOCKS = YES;
				GCC_WARN_64_TO_32_BIT_CONVERSION = YES;
				GCC_WARN_ABOUT_RETURN_TYPE = YES_ERROR;
				GCC_WARN_UNDECLARED_SELECTOR = YES;
				GCC_WARN_UNINITIALIZED_AUTOS = YES_AGGRESSIVE;
				GCC_WARN_UNUSED_FUNCTION = YES;
				GCC_WARN_UNUSED_VARIABLE = YES;
				IPHONEOS_DEPLOYMENT_TARGET = 16.4;
				MTL_ENABLE_DEBUG_INFO = NO;
				MTL_FAST_MATH = YES;
				SDKROOT = iphoneos;
				SWIFT_COMPILATION_MODE = wholemodule;
				SWIFT_OPTIMIZATION_LEVEL = "-O";
				VALIDATE_PRODUCT = YES;
			};
			name = Release;
		};
		3582B0212B2B665B00F4D489 /* Debug */ = {
			isa = XCBuildConfiguration;
			buildSettings = {
				ASSETCATALOG_COMPILER_APPICON_NAME = AppIcon;
				ASSETCATALOG_COMPILER_GLOBAL_ACCENT_COLOR_NAME = AccentColor;
				CODE_SIGN_STYLE = Automatic;
				CURRENT_PROJECT_VERSION = 1;
				DEVELOPMENT_ASSET_PATHS = "\"ProjetoP3/Preview Content\"";
				ENABLE_PREVIEWS = YES;
				GENERATE_INFOPLIST_FILE = YES;
				INFOPLIST_KEY_UIApplicationSceneManifest_Generation = YES;
				INFOPLIST_KEY_UIApplicationSupportsIndirectInputEvents = YES;
				INFOPLIST_KEY_UILaunchScreen_Generation = YES;
				INFOPLIST_KEY_UISupportedInterfaceOrientations_iPad = "UIInterfaceOrientationPortrait UIInterfaceOrientationPortraitUpsideDown UIInterfaceOrientationLandscapeLeft UIInterfaceOrientationLandscapeRight";
				INFOPLIST_KEY_UISupportedInterfaceOrientations_iPhone = "UIInterfaceOrientationPortrait UIInterfaceOrientationLandscapeLeft UIInterfaceOrientationLandscapeRight";
				LD_RUNPATH_SEARCH_PATHS = (
					"$(inherited)",
					"@executable_path/Frameworks",
				);
				MARKETING_VERSION = 1.0;
				PRODUCT_BUNDLE_IDENTIFIER = istec.pt.ProjetoP3;
				PRODUCT_NAME = "$(TARGET_NAME)";
				SWIFT_EMIT_LOC_STRINGS = YES;
				SWIFT_VERSION = 5.0;
				TARGETED_DEVICE_FAMILY = "1,2";
			};
			name = Debug;
		};
		3582B0222B2B665B00F4D489 /* Release */ = {
			isa = XCBuildConfiguration;
			buildSettings = {
				ASSETCATALOG_COMPILER_APPICON_NAME = AppIcon;
				ASSETCATALOG_COMPILER_GLOBAL_ACCENT_COLOR_NAME = AccentColor;
				CODE_SIGN_STYLE = Automatic;
				CURRENT_PROJECT_VERSION = 1;
				DEVELOPMENT_ASSET_PATHS = "\"ProjetoP3/Preview Content\"";
				ENABLE_PREVIEWS = YES;
				GENERATE_INFOPLIST_FILE = YES;
				INFOPLIST_KEY_UIApplicationSceneManifest_Generation = YES;
				INFOPLIST_KEY_UIApplicationSupportsIndirectInputEvents = YES;
				INFOPLIST_KEY_UILaunchScreen_Generation = YES;
				INFOPLIST_KEY_UISupportedInterfaceOrientations_iPad = "UIInterfaceOrientationPortrait UIInterfaceOrientationPortraitUpsideDown UIInterfaceOrientationLandscapeLeft UIInterfaceOrientationLandscapeRight";
				INFOPLIST_KEY_UISupportedInterfaceOrientations_iPhone = "UIInterfaceOrientationPortrait UIInterfaceOrientationLandscapeLeft UIInterfaceOrientationLandscapeRight";
				LD_RUNPATH_SEARCH_PATHS = (
					"$(inherited)",
					"@executable_path/Frameworks",
				);
				MARKETING_VERSION = 1.0;
				PRODUCT_BUNDLE_IDENTIFIER = istec.pt.ProjetoP3;
				PRODUCT_NAME = "$(TARGET_NAME)";
				SWIFT_EMIT_LOC_STRINGS = YES;
				SWIFT_VERSION = 5.0;
				TARGETED_DEVICE_FAMILY = "1,2";
			};
			name = Release;
		};
/* End XCBuildConfiguration section */

/* Begin XCConfigurationList section */
		3582AFF72B2B665900F4D489 /* Build configuration list for PBXProject "ProjetoP3" */ = {
			isa = XCConfigurationList;
			buildConfigurations = (
				3582B01E2B2B665B00F4D489 /* Debug */,
				3582B01F2B2B665B00F4D489 /* Release */,
			);
			defaultConfigurationIsVisible = 0;
			defaultConfigurationName = Release;
		};
		3582B0202B2B665B00F4D489 /* Build configuration list for PBXNativeTarget "ProjetoP3" */ = {
			isa = XCConfigurationList;
			buildConfigurations = (
				3582B0212B2B665B00F4D489 /* Debug */,
				3582B0222B2B665B00F4D489 /* Release */,
			);
			defaultConfigurationIsVisible = 0;
			defaultConfigurationName = Release;
		};
/* End XCConfigurationList section */

/* Begin XCRemoteSwiftPackageReference section */
		357B8AC32B2F85E400A3612F /* XCRemoteSwiftPackageReference "firebase-ios-sdk" */ = {
			isa = XCRemoteSwiftPackageReference;
			repositoryURL = "https://github.com/firebase/firebase-ios-sdk";
			requirement = {
				kind = upToNextMajorVersion;
				minimumVersion = 10.0.0;
			};
		};
/* End XCRemoteSwiftPackageReference section */

/* Begin XCSwiftPackageProductDependency section */
		357B8AC42B2F85E400A3612F /* FirebaseAuth */ = {
			isa = XCSwiftPackageProductDependency;
			package = 357B8AC32B2F85E400A3612F /* XCRemoteSwiftPackageReference "firebase-ios-sdk" */;
			productName = FirebaseAuth;
		};
		357B8AC62B2F85E400A3612F /* FirebaseFirestore */ = {
			isa = XCSwiftPackageProductDependency;
			package = 357B8AC32B2F85E400A3612F /* XCRemoteSwiftPackageReference "firebase-ios-sdk" */;
			productName = FirebaseFirestore;
		};
		357B8AC82B2F85E400A3612F /* FirebaseFirestoreSwift */ = {
			isa = XCSwiftPackageProductDependency;
			package = 357B8AC32B2F85E400A3612F /* XCRemoteSwiftPackageReference "firebase-ios-sdk" */;
			productName = FirebaseFirestoreSwift;
		};
		357B8ACA2B2F85E400A3612F /* FirebaseStorage */ = {
			isa = XCSwiftPackageProductDependency;
			package = 357B8AC32B2F85E400A3612F /* XCRemoteSwiftPackageReference "firebase-ios-sdk" */;
			productName = FirebaseStorage;
		};
/* End XCSwiftPackageProductDependency section */
	};
	rootObject = 3582AFF42B2B665900F4D489 /* Project object */;
}
